
Microsoft Visual Studio Solution File, Format Version 12.00
# Visual Studio Version 17
VisualStudioVersion = 17.8.34330.188
MinimumVisualStudioVersion = 10.0.40219.1
Project("{FAE04EC0-301F-11D3-BF4B-00C04F79EFBC}") = "Api", "Api\Api.csproj", "{95A242D2-1A71-4D3E-998D-824D518003FE}"
EndProject
Project("{FAE04EC0-301F-11D3-BF4B-00C04F79EFBC}") = "Core", "Core\Core.csproj", "{4D1C514A-6AB4-4651-8EDD-6D986629E1BD}"
EndProject
Project("{FAE04EC0-301F-11D3-BF4B-00C04F79EFBC}") = "Infrastructure", "Infrastructure\Infrastructure.csproj", "{979E62AB-40FB-4B99-98F5-E3C5CE574FE6}"
EndProject
Global
	GlobalSection(SolutionConfigurationPlatforms) = preSolution
		Debug|Any CPU = Debug|Any CPU
		Release|Any CPU = Release|Any CPU
	EndGlobalSection
	GlobalSection(ProjectConfigurationPlatforms) = postSolution
		{95A242D2-1A71-4D3E-998D-824D518003FE}.Debug|Any CPU.ActiveCfg = Debug|Any CPU
		{95A242D2-1A71-4D3E-998D-824D518003FE}.Debug|Any CPU.Build.0 = Debug|Any CPU
		{95A242D2-1A71-4D3E-998D-824D518003FE}.Release|Any CPU.ActiveCfg = Release|Any CPU
		{95A242D2-1A71-4D3E-998D-824D518003FE}.Release|Any CPU.Build.0 = Release|Any CPU
		{4D1C514A-6AB4-4651-8EDD-6D986629E1BD}.Debug|Any CPU.ActiveCfg = Debug|Any CPU
		{4D1C514A-6AB4-4651-8EDD-6D986629E1BD}.Debug|Any CPU.Build.0 = Debug|Any CPU
		{4D1C514A-6AB4-4651-8EDD-6D986629E1BD}.Release|Any CPU.ActiveCfg = Release|Any CPU
		{4D1C514A-6AB4-4651-8EDD-6D986629E1BD}.Release|Any CPU.Build.0 = Release|Any CPU
		{979E62AB-40FB-4B99-98F5-E3C5CE574FE6}.Debug|Any CPU.ActiveCfg = Debug|Any CPU
		{979E62AB-40FB-4B99-98F5-E3C5CE574FE6}.Debug|Any CPU.Build.0 = Debug|Any CPU
		{979E62AB-40FB-4B99-98F5-E3C5CE574FE6}.Release|Any CPU.ActiveCfg = Release|Any CPU
		{979E62AB-40FB-4B99-98F5-E3C5CE574FE6}.Release|Any CPU.Build.0 = Release|Any CPU
	EndGlobalSection
	GlobalSection(SolutionProperties) = preSolution
		HideSolutionNode = FALSE
	EndGlobalSection
	GlobalSection(ExtensibilityGlobals) = postSolution
		SolutionGuid = {FF28FB82-2768-4DCB-9933-E10F6A6A5E2E}
	EndGlobalSection
EndGlobal
